// !$*UTF8*$!
{
	archiveVersion = 1;
	classes = {
	};
	objectVersion = 46;
	objects = {

/* Begin PBXBuildFile section */
		DC7751151D691C6A0084B16D /* main.m in Sources */ = {isa = PBXBuildFile; fileRef = DC7751141D691C6A0084B16D /* main.m */; };
		DCC5106C1D6A54D0009E7C71 /* libreadline.tbd in Frameworks */ = {isa = PBXBuildFile; fileRef = DCC5106B1D6A54D0009E7C71 /* libreadline.tbd */; };
/* End PBXBuildFile section */

/* Begin PBXCopyFilesBuildPhase section */
		DC77510F1D691C6A0084B16D /* CopyFiles */ = {
			isa = PBXCopyFilesBuildPhase;
			buildActionMask = 2147483647;
			dstPath = /usr/share/man/man1/;
			dstSubfolderSpec = 0;
			files = (
			);
			runOnlyForDeploymentPostprocessing = 1;
		};
/* End PBXCopyFilesBuildPhase section */

/* Begin PBXFileReference section */
		DC7751111D691C6A0084B16D /* BigNerdRanchBook */ = {isa = PBXFileReference; explicitFileType = "compiled.mach-o.executable"; includeInIndex = 0; path = BigNerdRanchBook; sourceTree = BUILT_PRODUCTS_DIR; };
		DC7751141D691C6A0084B16D /* main.m */ = {isa = PBXFileReference; lastKnownFileType = sourcecode.c.objc; path = main.m; sourceTree = "<group>"; };
		DCC5106B1D6A54D0009E7C71 /* libreadline.tbd */ = {isa = PBXFileReference; lastKnownFileType = "sourcecode.text-based-dylib-definition"; name = libreadline.tbd; path = usr/lib/libreadline.tbd; sourceTree = SDKROOT; };
/* End PBXFileReference section */

/* Begin PBXFrameworksBuildPhase section */
		DC77510E1D691C6A0084B16D /* Frameworks */ = {
			isa = PBXFrameworksBuildPhase;
			buildActionMask = 2147483647;
			files = (
				DCC5106C1D6A54D0009E7C71 /* libreadline.tbd in Frameworks */,
			);
			runOnlyForDeploymentPostprocessing = 0;
		};
/* End PBXFrameworksBuildPhase section */

/* Begin PBXGroup section */
		DC7751081D691C6A0084B16D = {
			isa = PBXGroup;
			children = (
				DCC5106B1D6A54D0009E7C71 /* libreadline.tbd */,
				DC7751131D691C6A0084B16D /* BigNerdRanchBook */,
				DC7751121D691C6A0084B16D /* Products */,
			);
			sourceTree = "<group>";
		};
		DC7751121D691C6A0084B16D /* Products */ = {
			isa = PBXGroup;
			children = (
				DC7751111D691C6A0084B16D /* BigNerdRanchBook */,
			);
			name = Products;
			sourceTree = "<group>";
		};
		DC7751131D691C6A0084B16D /* BigNerdRanchBook */ = {
			isa = PBXGroup;
			children = (
				DC7751141D691C6A0084B16D /* main.m */,
			);
			path = BigNerdRanchBook;
			sourceTree = "<group>";
		};
/* End PBXGroup section */

/* Begin PBXNativeTarget section */
		DC7751101D691C6A0084B16D /* BigNerdRanchBook */ = {
			isa = PBXNativeTarget;
			buildConfigurationList = DC7751181D691C6A0084B16D /* Build configuration list for PBXNativeTarget "BigNerdRanchBook" */;
			buildPhases = (
				DC77510D1D691C6A0084B16D /* Sources */,
				DC77510E1D691C6A0084B16D /* Frameworks */,
				DC77510F1D691C6A0084B16D /* CopyFiles */,
			);
			buildRules = (
			);
			dependencies = (
			);
			name = BigNerdRanchBook;
			productName = BigNerdRanchBook;
			productReference = DC7751111D691C6A0084B16D /* BigNerdRanchBook */;
			productType = "com.apple.product-type.tool";
		};
/* End PBXNativeTarget section */

/* Begin PBXProject section */
		DC7751091D691C6A0084B16D /* Project object */ = {
			isa = PBXProject;
			attributes = {
				LastUpgradeCheck = 0730;
				ORGANIZATIONNAME = FineSketch;
				TargetAttributes = {
					DC7751101D691C6A0084B16D = {
						CreatedOnToolsVersion = 7.3;
					};
				};
			};
			buildConfigurationList = DC77510C1D691C6A0084B16D /* Build configuration list for PBXProject "BigNerdRanchBook" */;
			compatibilityVersion = "Xcode 3.2";
			developmentRegion = English;
			hasScannedForEncodings = 0;
			knownRegions = (
				en,
			);
			mainGroup = DC7751081D691C6A0084B16D;
			productRefGroup = DC7751121D691C6A0084B16D /* Products */;
			projectDirPath = "";
			projectRoot = "";
			targets = (
				DC7751101D691C6A0084B16D /* BigNerdRanchBook */,
			);
		};
/* End PBXProject section */

/* Begin PBXSourcesBuildPhase section */
		DC77510D1D691C6A0084B16D /* Sources */ = {
			isa = PBXSourcesBuildPhase;
			buildActionMask = 2147483647;
			files = (
				DC7751151D691C6A0084B16D /* main.m in Sources */,
			);
			runOnlyForDeploymentPostprocessing = 0;
		};
/* End PBXSourcesBuildPhase section */

/* Begin XCBuildConfiguration section */
		DC7751161D691C6A0084B16D /* Debug */ = {
			isa = XCBuildConfiguration;
			buildSettings = {
				ALWAYS_SEARCH_USER_PATHS = NO;
				CLANG_ANALYZER_NONNULL = YES;
				CLANG_CXX_LANGUAGE_STANDARD = "gnu++0x";
				CLANG_CXX_LIBRARY = "libc++";
				CLANG_ENABLE_MODULES = YES;
				CLANG_ENABLE_OBJC_ARC = YES;
				CLANG_WARN_BOOL_CONVERSION = YES;
				CLANG_WARN_CONSTANT_CONVERSION = YES;
				CLANG_WARN_DIRECT_OBJC_ISA_USAGE = YES_ERROR;
				CLANG_WARN_EMPTY_BODY = YES;
				CLANG_WARN_ENUM_CONVERSION = YES;
				CLANG_WARN_INT_CONVERSION = YES;
				CLANG_WARN_OBJC_ROOT_CLASS = YES_ERROR;
				CLANG_WARN_UNREACHABLE_CODE = YES;
				CLANG_WARN__DUPLICATE_METHOD_MATCH = YES;
				CODE_SIGN_IDENTITY = "-";
				COPY_PHASE_STRIP = NO;
				DEBUG_INFORMATION_FORMAT = dwarf;
				ENABLE_STRICT_OBJC_MSGSEND = YES;
				ENABLE_TESTABILITY = YES;
				GCC_C_LANGUAGE_STANDARD = gnu99;
				GCC_DYNAMIC_NO_PIC = NO;
				GCC_NO_COMMON_BLOCKS = YES;
				GCC_OPTIMIZATION_LEVEL = 0;
				GCC_PREPROCESSOR_DEFINITIONS = (
					"DEBUG=1",
					"$(inherited)",
				);
				GCC_WARN_64_TO_32_BIT_CONVERSION = YES;
				GCC_WARN_ABOUT_RETURN_TYPE = YES_ERROR;
				GCC_WARN_UNDECLARED_SELECTOR = YES;
				GCC_WARN_UNINITIALIZED_AUTOS = YES_AGGRESSIVE;
				GCC_WARN_UNUSED_FUNCTION = YES;
				GCC_WARN_UNUSED_VARIABLE = YES;
				MACOSX_DEPLOYMENT_TARGET = 10.11;
				MTL_ENABLE_DEBUG_INFO = YES;
				ONLY_ACTIVE_ARCH = YES;
				SDKROOT = macosx;
			};
			name = Debug;
		};
		DC7751171D691C6A0084B16D /* Release */ = {
			isa = XCBuildConfiguration;
			buildSettings = {
				ALWAYS_SEARCH_USER_PATHS = NO;
				CLANG_ANALYZER_NONNULL = YES;
				CLANG_CXX_LANGUAGE_STANDARD = "gnu++0x";
				CLANG_CXX_LIBRARY = "libc++";
				CLANG_ENABLE_MODULES = YES;
				CLANG_ENABLE_OBJC_ARC = YES;
				CLANG_WARN_BOOL_CONVERSION = YES;
				CLANG_WARN_CONSTANT_CONVERSION = YES;
				CLANG_WARN_DIRECT_OBJC_ISA_USAGE = YES_ERROR;
				CLANG_WARN_EMPTY_BODY = YES;
				CLANG_WARN_ENUM_CONVERSION = YES;
				CLANG_WARN_INT_CONVERSION = YES;
				CLANG_WARN_OBJC_ROOT_CLASS = YES_ERROR;
				CLANG_WARN_UNREACHABLE_CODE = YES;
				CLANG_WARN__DUPLICATE_METHOD_MATCH = YES;
				CODE_SIGN_IDENTITY = "-";
				COPY_PHASE_STRIP = NO;
				DEBUG_INFORMATION_FORMAT = "dwarf-with-dsym";
				ENABLE_NS_ASSERTIONS = NO;
				ENABLE_STRICT_OBJC_MSGSEND = YES;
				GCC_C_LANGUAGE_STANDARD = gnu99;
				GCC_NO_COMMON_BLOCKS = YES;
				GCC_WARN_64_TO_32_BIT_CONVERSION = YES;
				GCC_WARN_ABOUT_RETURN_TYPE = YES_ERROR;
				GCC_WARN_UNDECLARED_SELECTOR = YES;
				GCC_WARN_UNINITIALIZED_AUTOS = YES_AGGRESSIVE;
				GCC_WARN_UNUSED_FUNCTION = YES;
				GCC_WARN_UNUSED_VARIABLE = YES;
				MACOSX_DEPLOYMENT_TARGET = 10.11;
				MTL_ENABLE_DEBUG_INFO = NO;
				SDKROOT = macosx;
			};
			name = Release;
		};
		DC7751191D691C6A0084B16D /* Debug */ = {
			isa = XCBuildConfiguration;
			buildSettings = {
				PRODUCT_NAME = "$(TARGET_NAME)";
			};
			name = Debug;
		};
		DC77511A1D691C6A0084B16D /* Release */ = {
			isa = XCBuildConfiguration;
			buildSettings = {
				PRODUCT_NAME = "$(TARGET_NAME)";
			};
			name = Release;
		};
/* End XCBuildConfiguration section */

/* Begin XCConfigurationList section */
		DC77510C1D691C6A0084B16D /* Build configuration list for PBXProject "BigNerdRanchBook" */ = {
			isa = XCConfigurationList;
			buildConfigurations = (
				DC7751161D691C6A0084B16D /* Debug */,
				DC7751171D691C6A0084B16D /* Release */,
			);
			defaultConfigurationIsVisible = 0;
			defaultConfigurationName = Release;
		};
		DC7751181D691C6A0084B16D /* Build configuration list for PBXNativeTarget "BigNerdRanchBook" */ = {
			isa = XCConfigurationList;
			buildConfigurations = (
				DC7751191D691C6A0084B16D /* Debug */,
				DC77511A1D691C6A0084B16D /* Release */,
			);
			defaultConfigurationIsVisible = 0;
			defaultConfigurationName = Release;
		};
/* End XCConfigurationList section */
	};
	rootObject = DC7751091D691C6A0084B16D /* Project object */;
}
